// !$*UTF8*$!
{
	archiveVersion = 1;
	classes = {
	};
	objectVersion = 55;
	objects = {

/* Begin PBXBuildFile section */
		427CC817285185CB00C463D5 /* AppDelegate.swift in Sources */ = {isa = PBXBuildFile; fileRef = 427CC816285185CB00C463D5 /* AppDelegate.swift */; };
		427CC819285185CB00C463D5 /* SceneDelegate.swift in Sources */ = {isa = PBXBuildFile; fileRef = 427CC818285185CB00C463D5 /* SceneDelegate.swift */; };
		427CC81B285185CB00C463D5 /* MainViewController.swift in Sources */ = {isa = PBXBuildFile; fileRef = 427CC81A285185CB00C463D5 /* MainViewController.swift */; };
		427CC820285185CF00C463D5 /* Assets.xcassets in Resources */ = {isa = PBXBuildFile; fileRef = 427CC81F285185CF00C463D5 /* Assets.xcassets */; };
		427CC823285185CF00C463D5 /* LaunchScreen.storyboard in Resources */ = {isa = PBXBuildFile; fileRef = 427CC821285185CF00C463D5 /* LaunchScreen.storyboard */; };
		427CC82E285185CF00C463D5 /* clone_ui_nexflixTests.swift in Sources */ = {isa = PBXBuildFile; fileRef = 427CC82D285185CF00C463D5 /* clone_ui_nexflixTests.swift */; };
		427CC838285185CF00C463D5 /* clone_ui_nexflixUITests.swift in Sources */ = {isa = PBXBuildFile; fileRef = 427CC837285185CF00C463D5 /* clone_ui_nexflixUITests.swift */; };
		427CC83A285185CF00C463D5 /* clone_ui_nexflixUITestsLaunchTests.swift in Sources */ = {isa = PBXBuildFile; fileRef = 427CC839285185CF00C463D5 /* clone_ui_nexflixUITestsLaunchTests.swift */; };
		427CC8492851896D00C463D5 /* HomeViewController.swift in Sources */ = {isa = PBXBuildFile; fileRef = 427CC8482851896D00C463D5 /* HomeViewController.swift */; };
		427CC84B285189B100C463D5 /* UpCommingViewController.swift in Sources */ = {isa = PBXBuildFile; fileRef = 427CC84A285189B100C463D5 /* UpCommingViewController.swift */; };
		427CC84D28518DDB00C463D5 /* SearchViewController.swift in Sources */ = {isa = PBXBuildFile; fileRef = 427CC84C28518DDB00C463D5 /* SearchViewController.swift */; };
		427CC84F28518DEC00C463D5 /* DoanloadViewController.swift in Sources */ = {isa = PBXBuildFile; fileRef = 427CC84E28518DEC00C463D5 /* DoanloadViewController.swift */; };
		427CC8552851ADEC00C463D5 /* CollectionViewTableViewCell.swift in Sources */ = {isa = PBXBuildFile; fileRef = 427CC8542851ADEC00C463D5 /* CollectionViewTableViewCell.swift */; };
		427CC8572851DBF100C463D5 /* HeroHeaderUiView.swift in Sources */ = {isa = PBXBuildFile; fileRef = 427CC8562851DBF100C463D5 /* HeroHeaderUiView.swift */; };
		427CC8592853274700C463D5 /* TagViewCell.swift in Sources */ = {isa = PBXBuildFile; fileRef = 427CC8582853274700C463D5 /* TagViewCell.swift */; };
/* End PBXBuildFile section */

/* Begin PBXContainerItemProxy section */
		427CC82A285185CF00C463D5 /* PBXContainerItemProxy */ = {
			isa = PBXContainerItemProxy;
			containerPortal = 427CC80B285185CB00C463D5 /* Project object */;
			proxyType = 1;
			remoteGlobalIDString = 427CC812285185CB00C463D5;
			remoteInfo = clone_ui_nexflix;
		};
		427CC834285185CF00C463D5 /* PBXContainerItemProxy */ = {
			isa = PBXContainerItemProxy;
			containerPortal = 427CC80B285185CB00C463D5 /* Project object */;
			proxyType = 1;
			remoteGlobalIDString = 427CC812285185CB00C463D5;
			remoteInfo = clone_ui_nexflix;
		};
/* End PBXContainerItemProxy section */

/* Begin PBXFileReference section */
		427CC813285185CB00C463D5 /* clone_ui_nexflix.app */ = {isa = PBXFileReference; explicitFileType = wrapper.application; includeInIndex = 0; path = clone_ui_nexflix.app; sourceTree = BUILT_PRODUCTS_DIR; };
		427CC816285185CB00C463D5 /* AppDelegate.swift */ = {isa = PBXFileReference; lastKnownFileType = sourcecode.swift; path = AppDelegate.swift; sourceTree = "<group>"; };
		427CC818285185CB00C463D5 /* SceneDelegate.swift */ = {isa = PBXFileReference; lastKnownFileType = sourcecode.swift; path = SceneDelegate.swift; sourceTree = "<group>"; };
		427CC81A285185CB00C463D5 /* MainViewController.swift */ = {isa = PBXFileReference; lastKnownFileType = sourcecode.swift; path = MainViewController.swift; sourceTree = "<group>"; };
		427CC81F285185CF00C463D5 /* Assets.xcassets */ = {isa = PBXFileReference; lastKnownFileType = folder.assetcatalog; path = Assets.xcassets; sourceTree = "<group>"; };
		427CC822285185CF00C463D5 /* Base */ = {isa = PBXFileReference; lastKnownFileType = file.storyboard; name = Base; path = Base.lproj/LaunchScreen.storyboard; sourceTree = "<group>"; };
		427CC824285185CF00C463D5 /* Info.plist */ = {isa = PBXFileReference; lastKnownFileType = text.plist.xml; path = Info.plist; sourceTree = "<group>"; };
		427CC829285185CF00C463D5 /* clone_ui_nexflixTests.xctest */ = {isa = PBXFileReference; explicitFileType = wrapper.cfbundle; includeInIndex = 0; path = clone_ui_nexflixTests.xctest; sourceTree = BUILT_PRODUCTS_DIR; };
		427CC82D285185CF00C463D5 /* clone_ui_nexflixTests.swift */ = {isa = PBXFileReference; lastKnownFileType = sourcecode.swift; path = clone_ui_nexflixTests.swift; sourceTree = "<group>"; };
		427CC833285185CF00C463D5 /* clone_ui_nexflixUITests.xctest */ = {isa = PBXFileReference; explicitFileType = wrapper.cfbundle; includeInIndex = 0; path = clone_ui_nexflixUITests.xctest; sourceTree = BUILT_PRODUCTS_DIR; };
		427CC837285185CF00C463D5 /* clone_ui_nexflixUITests.swift */ = {isa = PBXFileReference; lastKnownFileType = sourcecode.swift; path = clone_ui_nexflixUITests.swift; sourceTree = "<group>"; };
		427CC839285185CF00C463D5 /* clone_ui_nexflixUITestsLaunchTests.swift */ = {isa = PBXFileReference; lastKnownFileType = sourcecode.swift; path = clone_ui_nexflixUITestsLaunchTests.swift; sourceTree = "<group>"; };
		427CC8482851896D00C463D5 /* HomeViewController.swift */ = {isa = PBXFileReference; lastKnownFileType = sourcecode.swift; path = HomeViewController.swift; sourceTree = "<group>"; };
		427CC84A285189B100C463D5 /* UpCommingViewController.swift */ = {isa = PBXFileReference; lastKnownFileType = sourcecode.swift; path = UpCommingViewController.swift; sourceTree = "<group>"; };
		427CC84C28518DDB00C463D5 /* SearchViewController.swift */ = {isa = PBXFileReference; lastKnownFileType = sourcecode.swift; path = SearchViewController.swift; sourceTree = "<group>"; };
		427CC84E28518DEC00C463D5 /* DoanloadViewController.swift */ = {isa = PBXFileReference; lastKnownFileType = sourcecode.swift; path = DoanloadViewController.swift; sourceTree = "<group>"; };
		427CC8542851ADEC00C463D5 /* CollectionViewTableViewCell.swift */ = {isa = PBXFileReference; lastKnownFileType = sourcecode.swift; path = CollectionViewTableViewCell.swift; sourceTree = "<group>"; };
		427CC8562851DBF100C463D5 /* HeroHeaderUiView.swift */ = {isa = PBXFileReference; lastKnownFileType = sourcecode.swift; path = HeroHeaderUiView.swift; sourceTree = "<group>"; };
		427CC8582853274700C463D5 /* TagViewCell.swift */ = {isa = PBXFileReference; lastKnownFileType = sourcecode.swift; path = TagViewCell.swift; sourceTree = "<group>"; };
/* End PBXFileReference section */

/* Begin PBXFrameworksBuildPhase section */
		427CC810285185CB00C463D5 /* Frameworks */ = {
			isa = PBXFrameworksBuildPhase;
			buildActionMask = 2147483647;
			files = (
			);
			runOnlyForDeploymentPostprocessing = 0;
		};
		427CC826285185CF00C463D5 /* Frameworks */ = {
			isa = PBXFrameworksBuildPhase;
			buildActionMask = 2147483647;
			files = (
			);
			runOnlyForDeploymentPostprocessing = 0;
		};
		427CC830285185CF00C463D5 /* Frameworks */ = {
			isa = PBXFrameworksBuildPhase;
			buildActionMask = 2147483647;
			files = (
			);
			runOnlyForDeploymentPostprocessing = 0;
		};
/* End PBXFrameworksBuildPhase section */

/* Begin PBXGroup section */
		427CC80A285185CB00C463D5 = {
			isa = PBXGroup;
			children = (
				427CC815285185CB00C463D5 /* clone_ui_nexflix */,
				427CC82C285185CF00C463D5 /* clone_ui_nexflixTests */,
				427CC836285185CF00C463D5 /* clone_ui_nexflixUITests */,
				427CC814285185CB00C463D5 /* Products */,
			);
			sourceTree = "<group>";
		};
		427CC814285185CB00C463D5 /* Products */ = {
			isa = PBXGroup;
			children = (
				427CC813285185CB00C463D5 /* clone_ui_nexflix.app */,
				427CC829285185CF00C463D5 /* clone_ui_nexflixTests.xctest */,
				427CC833285185CF00C463D5 /* clone_ui_nexflixUITests.xctest */,
			);
			name = Products;
			sourceTree = "<group>";
		};
		427CC815285185CB00C463D5 /* clone_ui_nexflix */ = {
			isa = PBXGroup;
			children = (
				427CC8512851922900C463D5 /* views */,
				427CC8502851921B00C463D5 /* viewModels */,
				427CC8472851893200C463D5 /* controller */,
				427CC816285185CB00C463D5 /* AppDelegate.swift */,
				427CC818285185CB00C463D5 /* SceneDelegate.swift */,
				427CC81A285185CB00C463D5 /* MainViewController.swift */,
				427CC81F285185CF00C463D5 /* Assets.xcassets */,
				427CC821285185CF00C463D5 /* LaunchScreen.storyboard */,
				427CC824285185CF00C463D5 /* Info.plist */,
			);
			path = clone_ui_nexflix;
			sourceTree = "<group>";
		};
		427CC82C285185CF00C463D5 /* clone_ui_nexflixTests */ = {
			isa = PBXGroup;
			children = (
				427CC82D285185CF00C463D5 /* clone_ui_nexflixTests.swift */,
			);
			path = clone_ui_nexflixTests;
			sourceTree = "<group>";
		};
		427CC836285185CF00C463D5 /* clone_ui_nexflixUITests */ = {
			isa = PBXGroup;
			children = (
				427CC837285185CF00C463D5 /* clone_ui_nexflixUITests.swift */,
				427CC839285185CF00C463D5 /* clone_ui_nexflixUITestsLaunchTests.swift */,
			);
			path = clone_ui_nexflixUITests;
			sourceTree = "<group>";
		};
		427CC8472851893200C463D5 /* controller */ = {
			isa = PBXGroup;
			children = (
				427CC8482851896D00C463D5 /* HomeViewController.swift */,
				427CC84A285189B100C463D5 /* UpCommingViewController.swift */,
				427CC84C28518DDB00C463D5 /* SearchViewController.swift */,
				427CC84E28518DEC00C463D5 /* DoanloadViewController.swift */,
			);
			path = controller;
			sourceTree = "<group>";
		};
		427CC8502851921B00C463D5 /* viewModels */ = {
			isa = PBXGroup;
			children = (
			);
			path = viewModels;
			sourceTree = "<group>";
		};
		427CC8512851922900C463D5 /* views */ = {
			isa = PBXGroup;
			children = (
				427CC8542851ADEC00C463D5 /* CollectionViewTableViewCell.swift */,
				427CC8562851DBF100C463D5 /* HeroHeaderUiView.swift */,
				427CC8582853274700C463D5 /* TagViewCell.swift */,
			);
			path = views;
			sourceTree = "<group>";
		};
/* End PBXGroup section */

/* Begin PBXNativeTarget section */
		427CC812285185CB00C463D5 /* clone_ui_nexflix */ = {
			isa = PBXNativeTarget;
			buildConfigurationList = 427CC83D285185CF00C463D5 /* Build configuration list for PBXNativeTarget "clone_ui_nexflix" */;
			buildPhases = (
				427CC80F285185CB00C463D5 /* Sources */,
				427CC810285185CB00C463D5 /* Frameworks */,
				427CC811285185CB00C463D5 /* Resources */,
			);
			buildRules = (
			);
			dependencies = (
			);
			name = clone_ui_nexflix;
			productName = clone_ui_nexflix;
			productReference = 427CC813285185CB00C463D5 /* clone_ui_nexflix.app */;
			productType = "com.apple.product-type.application";
		};
		427CC828285185CF00C463D5 /* clone_ui_nexflixTests */ = {
			isa = PBXNativeTarget;
			buildConfigurationList = 427CC840285185CF00C463D5 /* Build configuration list for PBXNativeTarget "clone_ui_nexflixTests" */;
			buildPhases = (
				427CC825285185CF00C463D5 /* Sources */,
				427CC826285185CF00C463D5 /* Frameworks */,
				427CC827285185CF00C463D5 /* Resources */,
			);
			buildRules = (
			);
			dependencies = (
				427CC82B285185CF00C463D5 /* PBXTargetDependency */,
			);
			name = clone_ui_nexflixTests;
			productName = clone_ui_nexflixTests;
			productReference = 427CC829285185CF00C463D5 /* clone_ui_nexflixTests.xctest */;
			productType = "com.apple.product-type.bundle.unit-test";
		};
		427CC832285185CF00C463D5 /* clone_ui_nexflixUITests */ = {
			isa = PBXNativeTarget;
			buildConfigurationList = 427CC843285185CF00C463D5 /* Build configuration list for PBXNativeTarget "clone_ui_nexflixUITests" */;
			buildPhases = (
				427CC82F285185CF00C463D5 /* Sources */,
				427CC830285185CF00C463D5 /* Frameworks */,
				427CC831285185CF00C463D5 /* Resources */,
			);
			buildRules = (
			);
			dependencies = (
				427CC835285185CF00C463D5 /* PBXTargetDependency */,
			);
			name = clone_ui_nexflixUITests;
			productName = clone_ui_nexflixUITests;
			productReference = 427CC833285185CF00C463D5 /* clone_ui_nexflixUITests.xctest */;
			productType = "com.apple.product-type.bundle.ui-testing";
		};
/* End PBXNativeTarget section */

/* Begin PBXProject section */
		427CC80B285185CB00C463D5 /* Project object */ = {
			isa = PBXProject;
			attributes = {
				BuildIndependentTargetsInParallel = 1;
				LastSwiftUpdateCheck = 1330;
				LastUpgradeCheck = 1330;
				TargetAttributes = {
					427CC812285185CB00C463D5 = {
						CreatedOnToolsVersion = 13.3.1;
					};
					427CC828285185CF00C463D5 = {
						CreatedOnToolsVersion = 13.3.1;
						TestTargetID = 427CC812285185CB00C463D5;
					};
					427CC832285185CF00C463D5 = {
						CreatedOnToolsVersion = 13.3.1;
						TestTargetID = 427CC812285185CB00C463D5;
					};
				};
			};
			buildConfigurationList = 427CC80E285185CB00C463D5 /* Build configuration list for PBXProject "clone_ui_nexflix" */;
			compatibilityVersion = "Xcode 13.0";
			developmentRegion = en;
			hasScannedForEncodings = 0;
			knownRegions = (
				en,
				Base,
			);
			mainGroup = 427CC80A285185CB00C463D5;
			productRefGroup = 427CC814285185CB00C463D5 /* Products */;
			projectDirPath = "";
			projectRoot = "";
			targets = (
				427CC812285185CB00C463D5 /* clone_ui_nexflix */,
				427CC828285185CF00C463D5 /* clone_ui_nexflixTests */,
				427CC832285185CF00C463D5 /* clone_ui_nexflixUITests */,
			);
		};
/* End PBXProject section */

/* Begin PBXResourcesBuildPhase section */
		427CC811285185CB00C463D5 /* Resources */ = {
			isa = PBXResourcesBuildPhase;
			buildActionMask = 2147483647;
			files = (
				427CC823285185CF00C463D5 /* LaunchScreen.storyboard in Resources */,
				427CC820285185CF00C463D5 /* Assets.xcassets in Resources */,
			);
			runOnlyForDeploymentPostprocessing = 0;
		};
		427CC827285185CF00C463D5 /* Resources */ = {
			isa = PBXResourcesBuildPhase;
			buildActionMask = 2147483647;
			files = (
			);
			runOnlyForDeploymentPostprocessing = 0;
		};
		427CC831285185CF00C463D5 /* Resources */ = {
			isa = PBXResourcesBuildPhase;
			buildActionMask = 2147483647;
			files = (
			);
			runOnlyForDeploymentPostprocessing = 0;
		};
/* End PBXResourcesBuildPhase section */

/* Begin PBXSourcesBuildPhase section */
		427CC80F285185CB00C463D5 /* Sources */ = {
			isa = PBXSourcesBuildPhase;
			buildActionMask = 2147483647;
			files = (
				427CC84D28518DDB00C463D5 /* SearchViewController.swift in Sources */,
				427CC81B285185CB00C463D5 /* MainViewController.swift in Sources */,
				427CC84B285189B100C463D5 /* UpCommingViewController.swift in Sources */,
				427CC817285185CB00C463D5 /* AppDelegate.swift in Sources */,
				427CC819285185CB00C463D5 /* SceneDelegate.swift in Sources */,
				427CC8572851DBF100C463D5 /* HeroHeaderUiView.swift in Sources */,
				427CC8552851ADEC00C463D5 /* CollectionViewTableViewCell.swift in Sources */,
				427CC8592853274700C463D5 /* TagViewCell.swift in Sources */,
				427CC84F28518DEC00C463D5 /* DoanloadViewController.swift in Sources */,
				427CC8492851896D00C463D5 /* HomeViewController.swift in Sources */,
			);
			runOnlyForDeploymentPostprocessing = 0;
		};
		427CC825285185CF00C463D5 /* Sources */ = {
			isa = PBXSourcesBuildPhase;
			buildActionMask = 2147483647;
			files = (
				427CC82E285185CF00C463D5 /* clone_ui_nexflixTests.swift in Sources */,
			);
			runOnlyForDeploymentPostprocessing = 0;
		};
		427CC82F285185CF00C463D5 /* Sources */ = {
			isa = PBXSourcesBuildPhase;
			buildActionMask = 2147483647;
			files = (
				427CC838285185CF00C463D5 /* clone_ui_nexflixUITests.swift in Sources */,
				427CC83A285185CF00C463D5 /* clone_ui_nexflixUITestsLaunchTests.swift in Sources */,
			);
			runOnlyForDeploymentPostprocessing = 0;
		};
/* End PBXSourcesBuildPhase section */

/* Begin PBXTargetDependency section */
		427CC82B285185CF00C463D5 /* PBXTargetDependency */ = {
			isa = PBXTargetDependency;
			target = 427CC812285185CB00C463D5 /* clone_ui_nexflix */;
			targetProxy = 427CC82A285185CF00C463D5 /* PBXContainerItemProxy */;
		};
		427CC835285185CF00C463D5 /* PBXTargetDependency */ = {
			isa = PBXTargetDependency;
			target = 427CC812285185CB00C463D5 /* clone_ui_nexflix */;
			targetProxy = 427CC834285185CF00C463D5 /* PBXContainerItemProxy */;
		};
/* End PBXTargetDependency section */

/* Begin PBXVariantGroup section */
		427CC821285185CF00C463D5 /* LaunchScreen.storyboard */ = {
			isa = PBXVariantGroup;
			children = (
				427CC822285185CF00C463D5 /* Base */,
			);
			name = LaunchScreen.storyboard;
			sourceTree = "<group>";
		};
/* End PBXVariantGroup section */

/* Begin XCBuildConfiguration section */
		427CC83B285185CF00C463D5 /* Debug */ = {
			isa = XCBuildConfiguration;
			buildSettings = {
				ALWAYS_SEARCH_USER_PATHS = NO;
				CLANG_ANALYZER_NONNULL = YES;
				CLANG_ANALYZER_NUMBER_OBJECT_CONVERSION = YES_AGGRESSIVE;
				CLANG_CXX_LANGUAGE_STANDARD = "gnu++17";
				CLANG_ENABLE_MODULES = YES;
				CLANG_ENABLE_OBJC_ARC = YES;
				CLANG_ENABLE_OBJC_WEAK = YES;
				CLANG_WARN_BLOCK_CAPTURE_AUTORELEASING = YES;
				CLANG_WARN_BOOL_CONVERSION = YES;
				CLANG_WARN_COMMA = YES;
				CLANG_WARN_CONSTANT_CONVERSION = YES;
				CLANG_WARN_DEPRECATED_OBJC_IMPLEMENTATIONS = YES;
				CLANG_WARN_DIRECT_OBJC_ISA_USAGE = YES_ERROR;
				CLANG_WARN_DOCUMENTATION_COMMENTS = YES;
				CLANG_WARN_EMPTY_BODY = YES;
				CLANG_WARN_ENUM_CONVERSION = YES;
				CLANG_WARN_INFINITE_RECURSION = YES;
				CLANG_WARN_INT_CONVERSION = YES;
				CLANG_WARN_NON_LITERAL_NULL_CONVERSION = YES;
				CLANG_WARN_OBJC_IMPLICIT_RETAIN_SELF = YES;
				CLANG_WARN_OBJC_LITERAL_CONVERSION = YES;
				CLANG_WARN_OBJC_ROOT_CLASS = YES_ERROR;
				CLANG_WARN_QUOTED_INCLUDE_IN_FRAMEWORK_HEADER = YES;
				CLANG_WARN_RANGE_LOOP_ANALYSIS = YES;
				CLANG_WARN_STRICT_PROTOTYPES = YES;
				CLANG_WARN_SUSPICIOUS_MOVE = YES;
				CLANG_WARN_UNGUARDED_AVAILABILITY = YES_AGGRESSIVE;
				CLANG_WARN_UNREACHABLE_CODE = YES;
				CLANG_WARN__DUPLICATE_METHOD_MATCH = YES;
				COPY_PHASE_STRIP = NO;
				DEBUG_INFORMATION_FORMAT = dwarf;
				ENABLE_STRICT_OBJC_MSGSEND = YES;
				ENABLE_TESTABILITY = YES;
				GCC_C_LANGUAGE_STANDARD = gnu11;
				GCC_DYNAMIC_NO_PIC = NO;
				GCC_NO_COMMON_BLOCKS = YES;
				GCC_OPTIMIZATION_LEVEL = 0;
				GCC_PREPROCESSOR_DEFINITIONS = (
					"DEBUG=1",
					"$(inherited)",
				);
				GCC_WARN_64_TO_32_BIT_CONVERSION = YES;
				GCC_WARN_ABOUT_RETURN_TYPE = YES_ERROR;
				GCC_WARN_UNDECLARED_SELECTOR = YES;
				GCC_WARN_UNINITIALIZED_AUTOS = YES_AGGRESSIVE;
				GCC_WARN_UNUSED_FUNCTION = YES;
				GCC_WARN_UNUSED_VARIABLE = YES;
				IPHONEOS_DEPLOYMENT_TARGET = 15.4;
				MTL_ENABLE_DEBUG_INFO = INCLUDE_SOURCE;
				MTL_FAST_MATH = YES;
				ONLY_ACTIVE_ARCH = YES;
				SDKROOT = iphoneos;
				SWIFT_ACTIVE_COMPILATION_CONDITIONS = DEBUG;
				SWIFT_OPTIMIZATION_LEVEL = "-Onone";
			};
			name = Debug;
		};
		427CC83C285185CF00C463D5 /* Release */ = {
			isa = XCBuildConfiguration;
			buildSettings = {
				ALWAYS_SEARCH_USER_PATHS = NO;
				CLANG_ANALYZER_NONNULL = YES;
				CLANG_ANALYZER_NUMBER_OBJECT_CONVERSION = YES_AGGRESSIVE;
				CLANG_CXX_LANGUAGE_STANDARD = "gnu++17";
				CLANG_ENABLE_MODULES = YES;
				CLANG_ENABLE_OBJC_ARC = YES;
				CLANG_ENABLE_OBJC_WEAK = YES;
				CLANG_WARN_BLOCK_CAPTURE_AUTORELEASING = YES;
				CLANG_WARN_BOOL_CONVERSION = YES;
				CLANG_WARN_COMMA = YES;
				CLANG_WARN_CONSTANT_CONVERSION = YES;
				CLANG_WARN_DEPRECATED_OBJC_IMPLEMENTATIONS = YES;
				CLANG_WARN_DIRECT_OBJC_ISA_USAGE = YES_ERROR;
				CLANG_WARN_DOCUMENTATION_COMMENTS = YES;
				CLANG_WARN_EMPTY_BODY = YES;
				CLANG_WARN_ENUM_CONVERSION = YES;
				CLANG_WARN_INFINITE_RECURSION = YES;
				CLANG_WARN_INT_CONVERSION = YES;
				CLANG_WARN_NON_LITERAL_NULL_CONVERSION = YES;
				CLANG_WARN_OBJC_IMPLICIT_RETAIN_SELF = YES;
				CLANG_WARN_OBJC_LITERAL_CONVERSION = YES;
				CLANG_WARN_OBJC_ROOT_CLASS = YES_ERROR;
				CLANG_WARN_QUOTED_INCLUDE_IN_FRAMEWORK_HEADER = YES;
				CLANG_WARN_RANGE_LOOP_ANALYSIS = YES;
				CLANG_WARN_STRICT_PROTOTYPES = YES;
				CLANG_WARN_SUSPICIOUS_MOVE = YES;
				CLANG_WARN_UNGUARDED_AVAILABILITY = YES_AGGRESSIVE;
				CLANG_WARN_UNREACHABLE_CODE = YES;
				CLANG_WARN__DUPLICATE_METHOD_MATCH = YES;
				COPY_PHASE_STRIP = NO;
				DEBUG_INFORMATION_FORMAT = "dwarf-with-dsym";
				ENABLE_NS_ASSERTIONS = NO;
				ENABLE_STRICT_OBJC_MSGSEND = YES;
				GCC_C_LANGUAGE_STANDARD = gnu11;
				GCC_NO_COMMON_BLOCKS = YES;
				GCC_WARN_64_TO_32_BIT_CONVERSION = YES;
				GCC_WARN_ABOUT_RETURN_TYPE = YES_ERROR;
				GCC_WARN_UNDECLARED_SELECTOR = YES;
				GCC_WARN_UNINITIALIZED_AUTOS = YES_AGGRESSIVE;
				GCC_WARN_UNUSED_FUNCTION = YES;
				GCC_WARN_UNUSED_VARIABLE = YES;
				IPHONEOS_DEPLOYMENT_TARGET = 15.4;
				MTL_ENABLE_DEBUG_INFO = NO;
				MTL_FAST_MATH = YES;
				SDKROOT = iphoneos;
				SWIFT_COMPILATION_MODE = wholemodule;
				SWIFT_OPTIMIZATION_LEVEL = "-O";
				VALIDATE_PRODUCT = YES;
			};
			name = Release;
		};
		427CC83E285185CF00C463D5 /* Debug */ = {
			isa = XCBuildConfiguration;
			buildSettings = {
				ASSETCATALOG_COMPILER_APPICON_NAME = AppIcon;
				ASSETCATALOG_COMPILER_GLOBAL_ACCENT_COLOR_NAME = AccentColor;
				CODE_SIGN_STYLE = Automatic;
				CURRENT_PROJECT_VERSION = 1;
				DEVELOPMENT_TEAM = 5F5T5A9F2Y;
				GENERATE_INFOPLIST_FILE = YES;
				INFOPLIST_FILE = clone_ui_nexflix/Info.plist;
				INFOPLIST_KEY_UIApplicationSupportsIndirectInputEvents = YES;
				INFOPLIST_KEY_UILaunchStoryboardName = LaunchScreen;
				INFOPLIST_KEY_UISupportedInterfaceOrientations_iPad = "UIInterfaceOrientationPortrait UIInterfaceOrientationPortraitUpsideDown UIInterfaceOrientationLandscapeLeft UIInterfaceOrientationLandscapeRight";
				INFOPLIST_KEY_UISupportedInterfaceOrientations_iPhone = "UIInterfaceOrientationPortrait UIInterfaceOrientationLandscapeLeft UIInterfaceOrientationLandscapeRight";
				LD_RUNPATH_SEARCH_PATHS = (
					"$(inherited)",
					"@executable_path/Frameworks",
				);
				MARKETING_VERSION = 1.0;
				PRODUCT_BUNDLE_IDENTIFIER = "com.example.studyuiios.clone-ui-nexflix";
				PRODUCT_NAME = "$(TARGET_NAME)";
				SWIFT_EMIT_LOC_STRINGS = YES;
				SWIFT_VERSION = 5.0;
				TARGETED_DEVICE_FAMILY = "1,2";
			};
			name = Debug;
		};
		427CC83F285185CF00C463D5 /* Release */ = {
			isa = XCBuildConfiguration;
			buildSettings = {
				ASSETCATALOG_COMPILER_APPICON_NAME = AppIcon;
				ASSETCATALOG_COMPILER_GLOBAL_ACCENT_COLOR_NAME = AccentColor;
				CODE_SIGN_STYLE = Automatic;
				CURRENT_PROJECT_VERSION = 1;
				DEVELOPMENT_TEAM = 5F5T5A9F2Y;
				GENERATE_INFOPLIST_FILE = YES;
				INFOPLIST_FILE = clone_ui_nexflix/Info.plist;
				INFOPLIST_KEY_UIApplicationSupportsIndirectInputEvents = YES;
				INFOPLIST_KEY_UILaunchStoryboardName = LaunchScreen;
				INFOPLIST_KEY_UISupportedInterfaceOrientations_iPad = "UIInterfaceOrientationPortrait UIInterfaceOrientationPortraitUpsideDown UIInterfaceOrientationLandscapeLeft UIInterfaceOrientationLandscapeRight";
				INFOPLIST_KEY_UISupportedInterfaceOrientations_iPhone = "UIInterfaceOrientationPortrait UIInterfaceOrientationLandscapeLeft UIInterfaceOrientationLandscapeRight";
				LD_RUNPATH_SEARCH_PATHS = (
					"$(inherited)",
					"@executable_path/Frameworks",
				);
				MARKETING_VERSION = 1.0;
				PRODUCT_BUNDLE_IDENTIFIER = "com.example.studyuiios.clone-ui-nexflix";
				PRODUCT_NAME = "$(TARGET_NAME)";
				SWIFT_EMIT_LOC_STRINGS = YES;
				SWIFT_VERSION = 5.0;
				TARGETED_DEVICE_FAMILY = "1,2";
			};
			name = Release;
		};
		427CC841285185CF00C463D5 /* Debug */ = {
			isa = XCBuildConfiguration;
			buildSettings = {
				ALWAYS_EMBED_SWIFT_STANDARD_LIBRARIES = YES;
				BUNDLE_LOADER = "$(TEST_HOST)";
				CODE_SIGN_STYLE = Automatic;
				CURRENT_PROJECT_VERSION = 1;
				DEVELOPMENT_TEAM = 5F5T5A9F2Y;
				GENERATE_INFOPLIST_FILE = YES;
				IPHONEOS_DEPLOYMENT_TARGET = 15.4;
				MARKETING_VERSION = 1.0;
				PRODUCT_BUNDLE_IDENTIFIER = "com.example.studyuiios.clone-ui-nexflixTests";
				PRODUCT_NAME = "$(TARGET_NAME)";
				SWIFT_EMIT_LOC_STRINGS = NO;
				SWIFT_VERSION = 5.0;
				TARGETED_DEVICE_FAMILY = "1,2";
				TEST_HOST = "$(BUILT_PRODUCTS_DIR)/clone_ui_nexflix.app/clone_ui_nexflix";
			};
			name = Debug;
		};
		427CC842285185CF00C463D5 /* Release */ = {
			isa = XCBuildConfiguration;
			buildSettings = {
				ALWAYS_EMBED_SWIFT_STANDARD_LIBRARIES = YES;
				BUNDLE_LOADER = "$(TEST_HOST)";
				CODE_SIGN_STYLE = Automatic;
				CURRENT_PROJECT_VERSION = 1;
				DEVELOPMENT_TEAM = 5F5T5A9F2Y;
				GENERATE_INFOPLIST_FILE = YES;
				IPHONEOS_DEPLOYMENT_TARGET = 15.4;
				MARKETING_VERSION = 1.0;
				PRODUCT_BUNDLE_IDENTIFIER = "com.example.studyuiios.clone-ui-nexflixTests";
				PRODUCT_NAME = "$(TARGET_NAME)";
				SWIFT_EMIT_LOC_STRINGS = NO;
				SWIFT_VERSION = 5.0;
				TARGETED_DEVICE_FAMILY = "1,2";
				TEST_HOST = "$(BUILT_PRODUCTS_DIR)/clone_ui_nexflix.app/clone_ui_nexflix";
			};
			name = Release;
		};
		427CC844285185CF00C463D5 /* Debug */ = {
			isa = XCBuildConfiguration;
			buildSettings = {
				ALWAYS_EMBED_SWIFT_STANDARD_LIBRARIES = YES;
				CODE_SIGN_STYLE = Automatic;
				CURRENT_PROJECT_VERSION = 1;
				DEVELOPMENT_TEAM = 5F5T5A9F2Y;
				GENERATE_INFOPLIST_FILE = YES;
				MARKETING_VERSION = 1.0;
				PRODUCT_BUNDLE_IDENTIFIER = "com.example.studyuiios.clone-ui-nexflixUITests";
				PRODUCT_NAME = "$(TARGET_NAME)";
				SWIFT_EMIT_LOC_STRINGS = NO;
				SWIFT_VERSION = 5.0;
				TARGETED_DEVICE_FAMILY = "1,2";
				TEST_TARGET_NAME = clone_ui_nexflix;
			};
			name = Debug;
		};
		427CC845285185CF00C463D5 /* Release */ = {
			isa = XCBuildConfiguration;
			buildSettings = {
				ALWAYS_EMBED_SWIFT_STANDARD_LIBRARIES = YES;
				CODE_SIGN_STYLE = Automatic;
				CURRENT_PROJECT_VERSION = 1;
				DEVELOPMENT_TEAM = 5F5T5A9F2Y;
				GENERATE_INFOPLIST_FILE = YES;
				MARKETING_VERSION = 1.0;
				PRODUCT_BUNDLE_IDENTIFIER = "com.example.studyuiios.clone-ui-nexflixUITests";
				PRODUCT_NAME = "$(TARGET_NAME)";
				SWIFT_EMIT_LOC_STRINGS = NO;
				SWIFT_VERSION = 5.0;
				TARGETED_DEVICE_FAMILY = "1,2";
				TEST_TARGET_NAME = clone_ui_nexflix;
			};
			name = Release;
		};
/* End XCBuildConfiguration section */

/* Begin XCConfigurationList section */
		427CC80E285185CB00C463D5 /* Build configuration list for PBXProject "clone_ui_nexflix" */ = {
			isa = XCConfigurationList;
			buildConfigurations = (
				427CC83B285185CF00C463D5 /* Debug */,
				427CC83C285185CF00C463D5 /* Release */,
			);
			defaultConfigurationIsVisible = 0;
			defaultConfigurationName = Release;
		};
		427CC83D285185CF00C463D5 /* Build configuration list for PBXNativeTarget "clone_ui_nexflix" */ = {
			isa = XCConfigurationList;
			buildConfigurations = (
				427CC83E285185CF00C463D5 /* Debug */,
				427CC83F285185CF00C463D5 /* Release */,
			);
			defaultConfigurationIsVisible = 0;
			defaultConfigurationName = Release;
		};
		427CC840285185CF00C463D5 /* Build configuration list for PBXNativeTarget "clone_ui_nexflixTests" */ = {
			isa = XCConfigurationList;
			buildConfigurations = (
				427CC841285185CF00C463D5 /* Debug */,
				427CC842285185CF00C463D5 /* Release */,
			);
			defaultConfigurationIsVisible = 0;
			defaultConfigurationName = Release;
		};
		427CC843285185CF00C463D5 /* Build configuration list for PBXNativeTarget "clone_ui_nexflixUITests" */ = {
			isa = XCConfigurationList;
			buildConfigurations = (
				427CC844285185CF00C463D5 /* Debug */,
				427CC845285185CF00C463D5 /* Release */,
			);
			defaultConfigurationIsVisible = 0;
			defaultConfigurationName = Release;
		};
/* End XCConfigurationList section */
	};
	rootObject = 427CC80B285185CB00C463D5 /* Project object */;
}
